
Microsoft Visual Studio Solution File, Format Version 12.00
# Visual Studio Version 17
VisualStudioVersion = 17.5.2.0
MinimumVisualStudioVersion = 10.0.40219.1
Project("{FAE04EC0-301F-11D3-BF4B-00C04F79EFBC}") = "Deadlock.Api", "Deadlock.Api\Deadlock.Api.csproj", "{05231AF3-77A2-8A48-EAEB-30339EF35BAA}"
EndProject
Project("{FAE04EC0-301F-11D3-BF4B-00C04F79EFBC}") = "Deadlock.Tests", "Deadlock.Tests\Deadlock.Tests.csproj", "{401338F6-DC97-47BF-B6C4-CEAF290944BC}"
EndProject
Global
	GlobalSection(SolutionConfigurationPlatforms) = preSolution
		Debug|Any CPU = Debug|Any CPU
		Debug|x64 = Debug|x64
		Debug|x86 = Debug|x86
		Release|Any CPU = Release|Any CPU
		Release|x64 = Release|x64
		Release|x86 = Release|x86
	EndGlobalSection
	GlobalSection(ProjectConfigurationPlatforms) = postSolution
		{05231AF3-77A2-8A48-EAEB-30339EF35BAA}.Debug|Any CPU.ActiveCfg = Debug|Any CPU
		{05231AF3-77A2-8A48-EAEB-30339EF35BAA}.Debug|Any CPU.Build.0 = Debug|Any CPU
		{05231AF3-77A2-8A48-EAEB-30339EF35BAA}.Debug|x64.ActiveCfg = Debug|Any CPU
		{05231AF3-77A2-8A48-EAEB-30339EF35BAA}.Debug|x64.Build.0 = Debug|Any CPU
		{05231AF3-77A2-8A48-EAEB-30339EF35BAA}.Debug|x86.ActiveCfg = Debug|Any CPU
		{05231AF3-77A2-8A48-EAEB-30339EF35BAA}.Debug|x86.Build.0 = Debug|Any CPU
		{05231AF3-77A2-8A48-EAEB-30339EF35BAA}.Release|Any CPU.ActiveCfg = Release|Any CPU
		{05231AF3-77A2-8A48-EAEB-30339EF35BAA}.Release|Any CPU.Build.0 = Release|Any CPU
		{05231AF3-77A2-8A48-EAEB-30339EF35BAA}.Release|x64.ActiveCfg = Release|Any CPU
		{05231AF3-77A2-8A48-EAEB-30339EF35BAA}.Release|x64.Build.0 = Release|Any CPU
		{05231AF3-77A2-8A48-EAEB-30339EF35BAA}.Release|x86.ActiveCfg = Release|Any CPU
		{05231AF3-77A2-8A48-EAEB-30339EF35BAA}.Release|x86.Build.0 = Release|Any CPU
		{401338F6-DC97-47BF-B6C4-CEAF290944BC}.Debug|Any CPU.ActiveCfg = Debug|Any CPU
		{401338F6-DC97-47BF-B6C4-CEAF290944BC}.Debug|Any CPU.Build.0 = Debug|Any CPU
		{401338F6-DC97-47BF-B6C4-CEAF290944BC}.Debug|x64.ActiveCfg = Debug|Any CPU
		{401338F6-DC97-47BF-B6C4-CEAF290944BC}.Debug|x64.Build.0 = Debug|Any CPU
		{401338F6-DC97-47BF-B6C4-CEAF290944BC}.Debug|x86.ActiveCfg = Debug|Any CPU
		{401338F6-DC97-47BF-B6C4-CEAF290944BC}.Debug|x86.Build.0 = Debug|Any CPU
		{401338F6-DC97-47BF-B6C4-CEAF290944BC}.Release|Any CPU.ActiveCfg = Release|Any CPU
		{401338F6-DC97-47BF-B6C4-CEAF290944BC}.Release|Any CPU.Build.0 = Release|Any CPU
		{401338F6-DC97-47BF-B6C4-CEAF290944BC}.Release|x64.ActiveCfg = Release|Any CPU
		{401338F6-DC97-47BF-B6C4-CEAF290944BC}.Release|x64.Build.0 = Release|Any CPU
		{401338F6-DC97-47BF-B6C4-CEAF290944BC}.Release|x86.ActiveCfg = Release|Any CPU
		{401338F6-DC97-47BF-B6C4-CEAF290944BC}.Release|x86.Build.0 = Release|Any CPU
	EndGlobalSection
	GlobalSection(SolutionProperties) = preSolution
		HideSolutionNode = FALSE
	EndGlobalSection
	GlobalSection(ExtensibilityGlobals) = postSolution
		SolutionGuid = {5EA2D934-46F2-451C-A12E-E0F3DC6422BE}
	EndGlobalSection
EndGlobal
